// !$*UTF8*$!
{
	archiveVersion = 1;
	classes = {
	};
	objectVersion = 50;
	objects = {

/* Begin PBXBuildFile section */
		9309FEE42573696000E721ED /* AppDelegate.swift in Sources */ = {isa = PBXBuildFile; fileRef = 9309FEE32573696000E721ED /* AppDelegate.swift */; };
		9309FEE62573696000E721ED /* SceneDelegate.swift in Sources */ = {isa = PBXBuildFile; fileRef = 9309FEE52573696000E721ED /* SceneDelegate.swift */; };
		9309FEE82573696000E721ED /* ViewController.swift in Sources */ = {isa = PBXBuildFile; fileRef = 9309FEE72573696000E721ED /* ViewController.swift */; };
		9309FEEB2573696000E721ED /* Main.storyboard in Resources */ = {isa = PBXBuildFile; fileRef = 9309FEE92573696000E721ED /* Main.storyboard */; };
		9309FEED2573696200E721ED /* Assets.xcassets in Resources */ = {isa = PBXBuildFile; fileRef = 9309FEEC2573696200E721ED /* Assets.xcassets */; };
		9309FEF02573696200E721ED /* LaunchScreen.storyboard in Resources */ = {isa = PBXBuildFile; fileRef = 9309FEEE2573696200E721ED /* LaunchScreen.storyboard */; };
		9309FEFB2573696300E721ED /* calculator2Tests.swift in Sources */ = {isa = PBXBuildFile; fileRef = 9309FEFA2573696300E721ED /* calculator2Tests.swift */; };
		9309FF062573696300E721ED /* calculator2UITests.swift in Sources */ = {isa = PBXBuildFile; fileRef = 9309FF052573696300E721ED /* calculator2UITests.swift */; };
/* End PBXBuildFile section */

/* Begin PBXContainerItemProxy section */
		9309FEF72573696300E721ED /* PBXContainerItemProxy */ = {
			isa = PBXContainerItemProxy;
			containerPortal = 9309FED82573696000E721ED /* Project object */;
			proxyType = 1;
			remoteGlobalIDString = 9309FEDF2573696000E721ED;
			remoteInfo = calculator2;
		};
		9309FF022573696300E721ED /* PBXContainerItemProxy */ = {
			isa = PBXContainerItemProxy;
			containerPortal = 9309FED82573696000E721ED /* Project object */;
			proxyType = 1;
			remoteGlobalIDString = 9309FEDF2573696000E721ED;
			remoteInfo = calculator2;
		};
/* End PBXContainerItemProxy section */

/* Begin PBXFileReference section */
		9304BC9A25743F7D007347A9 /* calculator2 */ = {isa = PBXFileReference; lastKnownFileType = folder; name = calculator2; sourceTree = "<group>"; };
		9304BC9B25743FB9007347A9 /* readme.md */ = {isa = PBXFileReference; lastKnownFileType = net.daringfireball.markdown; path = readme.md; sourceTree = "<group>"; };
		9304BCA0257440BE007347A9 /* execution.png */ = {isa = PBXFileReference; lastKnownFileType = image.png; path = execution.png; sourceTree = "<group>"; };
		9309FEE02573696000E721ED /* calculator2.app */ = {isa = PBXFileReference; explicitFileType = wrapper.application; includeInIndex = 0; path = calculator2.app; sourceTree = BUILT_PRODUCTS_DIR; };
		9309FEE32573696000E721ED /* AppDelegate.swift */ = {isa = PBXFileReference; lastKnownFileType = sourcecode.swift; path = AppDelegate.swift; sourceTree = "<group>"; };
		9309FEE52573696000E721ED /* SceneDelegate.swift */ = {isa = PBXFileReference; lastKnownFileType = sourcecode.swift; path = SceneDelegate.swift; sourceTree = "<group>"; };
		9309FEE72573696000E721ED /* ViewController.swift */ = {isa = PBXFileReference; lastKnownFileType = sourcecode.swift; path = ViewController.swift; sourceTree = "<group>"; };
		9309FEEA2573696000E721ED /* Base */ = {isa = PBXFileReference; lastKnownFileType = file.storyboard; name = Base; path = Base.lproj/Main.storyboard; sourceTree = "<group>"; };
		9309FEEC2573696200E721ED /* Assets.xcassets */ = {isa = PBXFileReference; lastKnownFileType = folder.assetcatalog; path = Assets.xcassets; sourceTree = "<group>"; };
		9309FEEF2573696200E721ED /* Base */ = {isa = PBXFileReference; lastKnownFileType = file.storyboard; name = Base; path = Base.lproj/LaunchScreen.storyboard; sourceTree = "<group>"; };
		9309FEF12573696200E721ED /* Info.plist */ = {isa = PBXFileReference; lastKnownFileType = text.plist.xml; path = Info.plist; sourceTree = "<group>"; };
		9309FEF62573696300E721ED /* calculator2Tests.xctest */ = {isa = PBXFileReference; explicitFileType = wrapper.cfbundle; includeInIndex = 0; path = calculator2Tests.xctest; sourceTree = BUILT_PRODUCTS_DIR; };
		9309FEFA2573696300E721ED /* calculator2Tests.swift */ = {isa = PBXFileReference; lastKnownFileType = sourcecode.swift; path = calculator2Tests.swift; sourceTree = "<group>"; };
		9309FEFC2573696300E721ED /* Info.plist */ = {isa = PBXFileReference; lastKnownFileType = text.plist.xml; path = Info.plist; sourceTree = "<group>"; };
		9309FF012573696300E721ED /* calculator2UITests.xctest */ = {isa = PBXFileReference; explicitFileType = wrapper.cfbundle; includeInIndex = 0; path = calculator2UITests.xctest; sourceTree = BUILT_PRODUCTS_DIR; };
		9309FF052573696300E721ED /* calculator2UITests.swift */ = {isa = PBXFileReference; lastKnownFileType = sourcecode.swift; path = calculator2UITests.swift; sourceTree = "<group>"; };
		9309FF072573696300E721ED /* Info.plist */ = {isa = PBXFileReference; lastKnownFileType = text.plist.xml; path = Info.plist; sourceTree = "<group>"; };
/* End PBXFileReference section */

/* Begin PBXFrameworksBuildPhase section */
		9309FEDD2573696000E721ED /* Frameworks */ = {
			isa = PBXFrameworksBuildPhase;
			buildActionMask = 2147483647;
			files = (
			);
			runOnlyForDeploymentPostprocessing = 0;
		};
		9309FEF32573696300E721ED /* Frameworks */ = {
			isa = PBXFrameworksBuildPhase;
			buildActionMask = 2147483647;
			files = (
			);
			runOnlyForDeploymentPostprocessing = 0;
		};
		9309FEFE2573696300E721ED /* Frameworks */ = {
			isa = PBXFrameworksBuildPhase;
			buildActionMask = 2147483647;
			files = (
			);
			runOnlyForDeploymentPostprocessing = 0;
		};
/* End PBXFrameworksBuildPhase section */

/* Begin PBXGroup section */
		9309FED72573696000E721ED = {
			isa = PBXGroup;
			children = (
				9304BC9B25743FB9007347A9 /* readme.md */,
				9304BCA0257440BE007347A9 /* execution.png */,
				9309FEE22573696000E721ED /* calculator2 */,
				9304BC9A25743F7D007347A9 /* calculator2 */,
				9309FEF92573696300E721ED /* calculator2Tests */,
				9309FF042573696300E721ED /* calculator2UITests */,
				9309FEE12573696000E721ED /* Products */,
			);
			sourceTree = "<group>";
		};
		9309FEE12573696000E721ED /* Products */ = {
			isa = PBXGroup;
			children = (
				9309FEE02573696000E721ED /* calculator2.app */,
				9309FEF62573696300E721ED /* calculator2Tests.xctest */,
				9309FF012573696300E721ED /* calculator2UITests.xctest */,
			);
			name = Products;
			sourceTree = "<group>";
		};
		9309FEE22573696000E721ED /* calculator2 */ = {
			isa = PBXGroup;
			children = (
				9309FEE32573696000E721ED /* AppDelegate.swift */,
				9309FEE52573696000E721ED /* SceneDelegate.swift */,
				9309FEE72573696000E721ED /* ViewController.swift */,
				9309FEE92573696000E721ED /* Main.storyboard */,
				9309FEEC2573696200E721ED /* Assets.xcassets */,
				9309FEEE2573696200E721ED /* LaunchScreen.storyboard */,
				9309FEF12573696200E721ED /* Info.plist */,
			);
			path = calculator2;
			sourceTree = "<group>";
		};
		9309FEF92573696300E721ED /* calculator2Tests */ = {
			isa = PBXGroup;
			children = (
				9309FEFA2573696300E721ED /* calculator2Tests.swift */,
				9309FEFC2573696300E721ED /* Info.plist */,
			);
			path = calculator2Tests;
			sourceTree = "<group>";
		};
		9309FF042573696300E721ED /* calculator2UITests */ = {
			isa = PBXGroup;
			children = (
				9309FF052573696300E721ED /* calculator2UITests.swift */,
				9309FF072573696300E721ED /* Info.plist */,
			);
			path = calculator2UITests;
			sourceTree = "<group>";
		};
/* End PBXGroup section */

/* Begin PBXNativeTarget section */
		9309FEDF2573696000E721ED /* calculator2 */ = {
			isa = PBXNativeTarget;
			buildConfigurationList = 9309FF0A2573696300E721ED /* Build configuration list for PBXNativeTarget "calculator2" */;
			buildPhases = (
				9309FEDC2573696000E721ED /* Sources */,
				9309FEDD2573696000E721ED /* Frameworks */,
				9309FEDE2573696000E721ED /* Resources */,
			);
			buildRules = (
			);
			dependencies = (
			);
			name = calculator2;
			productName = calculator2;
			productReference = 9309FEE02573696000E721ED /* calculator2.app */;
			productType = "com.apple.product-type.application";
		};
		9309FEF52573696300E721ED /* calculator2Tests */ = {
			isa = PBXNativeTarget;
			buildConfigurationList = 9309FF0D2573696300E721ED /* Build configuration list for PBXNativeTarget "calculator2Tests" */;
			buildPhases = (
				9309FEF22573696300E721ED /* Sources */,
				9309FEF32573696300E721ED /* Frameworks */,
				9309FEF42573696300E721ED /* Resources */,
			);
			buildRules = (
			);
			dependencies = (
				9309FEF82573696300E721ED /* PBXTargetDependency */,
			);
			name = calculator2Tests;
			productName = calculator2Tests;
			productReference = 9309FEF62573696300E721ED /* calculator2Tests.xctest */;
			productType = "com.apple.product-type.bundle.unit-test";
		};
		9309FF002573696300E721ED /* calculator2UITests */ = {
			isa = PBXNativeTarget;
			buildConfigurationList = 9309FF102573696300E721ED /* Build configuration list for PBXNativeTarget "calculator2UITests" */;
			buildPhases = (
				9309FEFD2573696300E721ED /* Sources */,
				9309FEFE2573696300E721ED /* Frameworks */,
				9309FEFF2573696300E721ED /* Resources */,
			);
			buildRules = (
			);
			dependencies = (
				9309FF032573696300E721ED /* PBXTargetDependency */,
			);
			name = calculator2UITests;
			productName = calculator2UITests;
			productReference = 9309FF012573696300E721ED /* calculator2UITests.xctest */;
			productType = "com.apple.product-type.bundle.ui-testing";
		};
/* End PBXNativeTarget section */

/* Begin PBXProject section */
		9309FED82573696000E721ED /* Project object */ = {
			isa = PBXProject;
			attributes = {
				LastSwiftUpdateCheck = 1220;
				LastUpgradeCheck = 1220;
				TargetAttributes = {
					9309FEDF2573696000E721ED = {
						CreatedOnToolsVersion = 12.2;
					};
					9309FEF52573696300E721ED = {
						CreatedOnToolsVersion = 12.2;
						TestTargetID = 9309FEDF2573696000E721ED;
					};
					9309FF002573696300E721ED = {
						CreatedOnToolsVersion = 12.2;
						TestTargetID = 9309FEDF2573696000E721ED;
					};
				};
			};
			buildConfigurationList = 9309FEDB2573696000E721ED /* Build configuration list for PBXProject "calculator2" */;
			compatibilityVersion = "Xcode 9.3";
			developmentRegion = en;
			hasScannedForEncodings = 0;
			knownRegions = (
				en,
				Base,
			);
			mainGroup = 9309FED72573696000E721ED;
			productRefGroup = 9309FEE12573696000E721ED /* Products */;
			projectDirPath = "";
			projectRoot = "";
			targets = (
				9309FEDF2573696000E721ED /* calculator2 */,
				9309FEF52573696300E721ED /* calculator2Tests */,
				9309FF002573696300E721ED /* calculator2UITests */,
			);
		};
/* End PBXProject section */

/* Begin PBXResourcesBuildPhase section */
		9309FEDE2573696000E721ED /* Resources */ = {
			isa = PBXResourcesBuildPhase;
			buildActionMask = 2147483647;
			files = (
				9309FEF02573696200E721ED /* LaunchScreen.storyboard in Resources */,
				9309FEED2573696200E721ED /* Assets.xcassets in Resources */,
				9309FEEB2573696000E721ED /* Main.storyboard in Resources */,
			);
			runOnlyForDeploymentPostprocessing = 0;
		};
		9309FEF42573696300E721ED /* Resources */ = {
			isa = PBXResourcesBuildPhase;
			buildActionMask = 2147483647;
			files = (
			);
			runOnlyForDeploymentPostprocessing = 0;
		};
		9309FEFF2573696300E721ED /* Resources */ = {
			isa = PBXResourcesBuildPhase;
			buildActionMask = 2147483647;
			files = (
			);
			runOnlyForDeploymentPostprocessing = 0;
		};
/* End PBXResourcesBuildPhase section */

/* Begin PBXSourcesBuildPhase section */
		9309FEDC2573696000E721ED /* Sources */ = {
			isa = PBXSourcesBuildPhase;
			buildActionMask = 2147483647;
			files = (
				9309FEE82573696000E721ED /* ViewController.swift in Sources */,
				9309FEE42573696000E721ED /* AppDelegate.swift in Sources */,
				9309FEE62573696000E721ED /* SceneDelegate.swift in Sources */,
			);
			runOnlyForDeploymentPostprocessing = 0;
		};
		9309FEF22573696300E721ED /* Sources */ = {
			isa = PBXSourcesBuildPhase;
			buildActionMask = 2147483647;
			files = (
				9309FEFB2573696300E721ED /* calculator2Tests.swift in Sources */,
			);
			runOnlyForDeploymentPostprocessing = 0;
		};
		9309FEFD2573696300E721ED /* Sources */ = {
			isa = PBXSourcesBuildPhase;
			buildActionMask = 2147483647;
			files = (
				9309FF062573696300E721ED /* calculator2UITests.swift in Sources */,
			);
			runOnlyForDeploymentPostprocessing = 0;
		};
/* End PBXSourcesBuildPhase section */

/* Begin PBXTargetDependency section */
		9309FEF82573696300E721ED /* PBXTargetDependency */ = {
			isa = PBXTargetDependency;
			target = 9309FEDF2573696000E721ED /* calculator2 */;
			targetProxy = 9309FEF72573696300E721ED /* PBXContainerItemProxy */;
		};
		9309FF032573696300E721ED /* PBXTargetDependency */ = {
			isa = PBXTargetDependency;
			target = 9309FEDF2573696000E721ED /* calculator2 */;
			targetProxy = 9309FF022573696300E721ED /* PBXContainerItemProxy */;
		};
/* End PBXTargetDependency section */

/* Begin PBXVariantGroup section */
		9309FEE92573696000E721ED /* Main.storyboard */ = {
			isa = PBXVariantGroup;
			children = (
				9309FEEA2573696000E721ED /* Base */,
			);
			name = Main.storyboard;
			sourceTree = "<group>";
		};
		9309FEEE2573696200E721ED /* LaunchScreen.storyboard */ = {
			isa = PBXVariantGroup;
			children = (
				9309FEEF2573696200E721ED /* Base */,
			);
			name = LaunchScreen.storyboard;
			sourceTree = "<group>";
		};
/* End PBXVariantGroup section */

/* Begin XCBuildConfiguration section */
		9309FF082573696300E721ED /* Debug */ = {
			isa = XCBuildConfiguration;
			buildSettings = {
				ALWAYS_SEARCH_USER_PATHS = NO;
				CLANG_ANALYZER_NONNULL = YES;
				CLANG_ANALYZER_NUMBER_OBJECT_CONVERSION = YES_AGGRESSIVE;
				CLANG_CXX_LANGUAGE_STANDARD = "gnu++14";
				CLANG_CXX_LIBRARY = "libc++";
				CLANG_ENABLE_MODULES = YES;
				CLANG_ENABLE_OBJC_ARC = YES;
				CLANG_ENABLE_OBJC_WEAK = YES;
				CLANG_WARN_BLOCK_CAPTURE_AUTORELEASING = YES;
				CLANG_WARN_BOOL_CONVERSION = YES;
				CLANG_WARN_COMMA = YES;
				CLANG_WARN_CONSTANT_CONVERSION = YES;
				CLANG_WARN_DEPRECATED_OBJC_IMPLEMENTATIONS = YES;
				CLANG_WARN_DIRECT_OBJC_ISA_USAGE = YES_ERROR;
				CLANG_WARN_DOCUMENTATION_COMMENTS = YES;
				CLANG_WARN_EMPTY_BODY = YES;
				CLANG_WARN_ENUM_CONVERSION = YES;
				CLANG_WARN_INFINITE_RECURSION = YES;
				CLANG_WARN_INT_CONVERSION = YES;
				CLANG_WARN_NON_LITERAL_NULL_CONVERSION = YES;
				CLANG_WARN_OBJC_IMPLICIT_RETAIN_SELF = YES;
				CLANG_WARN_OBJC_LITERAL_CONVERSION = YES;
				CLANG_WARN_OBJC_ROOT_CLASS = YES_ERROR;
				CLANG_WARN_QUOTED_INCLUDE_IN_FRAMEWORK_HEADER = YES;
				CLANG_WARN_RANGE_LOOP_ANALYSIS = YES;
				CLANG_WARN_STRICT_PROTOTYPES = YES;
				CLANG_WARN_SUSPICIOUS_MOVE = YES;
				CLANG_WARN_UNGUARDED_AVAILABILITY = YES_AGGRESSIVE;
				CLANG_WARN_UNREACHABLE_CODE = YES;
				CLANG_WARN__DUPLICATE_METHOD_MATCH = YES;
				COPY_PHASE_STRIP = NO;
				DEBUG_INFORMATION_FORMAT = dwarf;
				ENABLE_STRICT_OBJC_MSGSEND = YES;
				ENABLE_TESTABILITY = YES;
				GCC_C_LANGUAGE_STANDARD = gnu11;
				GCC_DYNAMIC_NO_PIC = NO;
				GCC_NO_COMMON_BLOCKS = YES;
				GCC_OPTIMIZATION_LEVEL = 0;
				GCC_PREPROCESSOR_DEFINITIONS = (
					"DEBUG=1",
					"$(inherited)",
				);
				GCC_WARN_64_TO_32_BIT_CONVERSION = YES;
				GCC_WARN_ABOUT_RETURN_TYPE = YES_ERROR;
				GCC_WARN_UNDECLARED_SELECTOR = YES;
				GCC_WARN_UNINITIALIZED_AUTOS = YES_AGGRESSIVE;
				GCC_WARN_UNUSED_FUNCTION = YES;
				GCC_WARN_UNUSED_VARIABLE = YES;
				IPHONEOS_DEPLOYMENT_TARGET = 14.2;
				MTL_ENABLE_DEBUG_INFO = INCLUDE_SOURCE;
				MTL_FAST_MATH = YES;
				ONLY_ACTIVE_ARCH = YES;
				SDKROOT = iphoneos;
				SWIFT_ACTIVE_COMPILATION_CONDITIONS = DEBUG;
				SWIFT_OPTIMIZATION_LEVEL = "-Onone";
			};
			name = Debug;
		};
		9309FF092573696300E721ED /* Release */ = {
			isa = XCBuildConfiguration;
			buildSettings = {
				ALWAYS_SEARCH_USER_PATHS = NO;
				CLANG_ANALYZER_NONNULL = YES;
				CLANG_ANALYZER_NUMBER_OBJECT_CONVERSION = YES_AGGRESSIVE;
				CLANG_CXX_LANGUAGE_STANDARD = "gnu++14";
				CLANG_CXX_LIBRARY = "libc++";
				CLANG_ENABLE_MODULES = YES;
				CLANG_ENABLE_OBJC_ARC = YES;
				CLANG_ENABLE_OBJC_WEAK = YES;
				CLANG_WARN_BLOCK_CAPTURE_AUTORELEASING = YES;
				CLANG_WARN_BOOL_CONVERSION = YES;
				CLANG_WARN_COMMA = YES;
				CLANG_WARN_CONSTANT_CONVERSION = YES;
				CLANG_WARN_DEPRECATED_OBJC_IMPLEMENTATIONS = YES;
				CLANG_WARN_DIRECT_OBJC_ISA_USAGE = YES_ERROR;
				CLANG_WARN_DOCUMENTATION_COMMENTS = YES;
				CLANG_WARN_EMPTY_BODY = YES;
				CLANG_WARN_ENUM_CONVERSION = YES;
				CLANG_WARN_INFINITE_RECURSION = YES;
				CLANG_WARN_INT_CONVERSION = YES;
				CLANG_WARN_NON_LITERAL_NULL_CONVERSION = YES;
				CLANG_WARN_OBJC_IMPLICIT_RETAIN_SELF = YES;
				CLANG_WARN_OBJC_LITERAL_CONVERSION = YES;
				CLANG_WARN_OBJC_ROOT_CLASS = YES_ERROR;
				CLANG_WARN_QUOTED_INCLUDE_IN_FRAMEWORK_HEADER = YES;
				CLANG_WARN_RANGE_LOOP_ANALYSIS = YES;
				CLANG_WARN_STRICT_PROTOTYPES = YES;
				CLANG_WARN_SUSPICIOUS_MOVE = YES;
				CLANG_WARN_UNGUARDED_AVAILABILITY = YES_AGGRESSIVE;
				CLANG_WARN_UNREACHABLE_CODE = YES;
				CLANG_WARN__DUPLICATE_METHOD_MATCH = YES;
				COPY_PHASE_STRIP = NO;
				DEBUG_INFORMATION_FORMAT = "dwarf-with-dsym";
				ENABLE_NS_ASSERTIONS = NO;
				ENABLE_STRICT_OBJC_MSGSEND = YES;
				GCC_C_LANGUAGE_STANDARD = gnu11;
				GCC_NO_COMMON_BLOCKS = YES;
				GCC_WARN_64_TO_32_BIT_CONVERSION = YES;
				GCC_WARN_ABOUT_RETURN_TYPE = YES_ERROR;
				GCC_WARN_UNDECLARED_SELECTOR = YES;
				GCC_WARN_UNINITIALIZED_AUTOS = YES_AGGRESSIVE;
				GCC_WARN_UNUSED_FUNCTION = YES;
				GCC_WARN_UNUSED_VARIABLE = YES;
				IPHONEOS_DEPLOYMENT_TARGET = 14.2;
				MTL_ENABLE_DEBUG_INFO = NO;
				MTL_FAST_MATH = YES;
				SDKROOT = iphoneos;
				SWIFT_COMPILATION_MODE = wholemodule;
				SWIFT_OPTIMIZATION_LEVEL = "-O";
				VALIDATE_PRODUCT = YES;
			};
			name = Release;
		};
		9309FF0B2573696300E721ED /* Debug */ = {
			isa = XCBuildConfiguration;
			buildSettings = {
				ASSETCATALOG_COMPILER_APPICON_NAME = AppIcon;
				ASSETCATALOG_COMPILER_GLOBAL_ACCENT_COLOR_NAME = AccentColor;
				CODE_SIGN_STYLE = Automatic;
				DEVELOPMENT_TEAM = 6H4F3Q73UT;
				INFOPLIST_FILE = calculator2/Info.plist;
				LD_RUNPATH_SEARCH_PATHS = (
					"$(inherited)",
					"@executable_path/Frameworks",
				);
				PRODUCT_BUNDLE_IDENTIFIER = cs246.calculator2;
				PRODUCT_NAME = "$(TARGET_NAME)";
				SWIFT_VERSION = 5.0;
				TARGETED_DEVICE_FAMILY = "1,2";
			};
			name = Debug;
		};
		9309FF0C2573696300E721ED /* Release */ = {
			isa = XCBuildConfiguration;
			buildSettings = {
				ASSETCATALOG_COMPILER_APPICON_NAME = AppIcon;
				ASSETCATALOG_COMPILER_GLOBAL_ACCENT_COLOR_NAME = AccentColor;
				CODE_SIGN_STYLE = Automatic;
				DEVELOPMENT_TEAM = 6H4F3Q73UT;
				INFOPLIST_FILE = calculator2/Info.plist;
				LD_RUNPATH_SEARCH_PATHS = (
					"$(inherited)",
					"@executable_path/Frameworks",
				);
				PRODUCT_BUNDLE_IDENTIFIER = cs246.calculator2;
				PRODUCT_NAME = "$(TARGET_NAME)";
				SWIFT_VERSION = 5.0;
				TARGETED_DEVICE_FAMILY = "1,2";
			};
			name = Release;
		};
		9309FF0E2573696300E721ED /* Debug */ = {
			isa = XCBuildConfiguration;
			buildSettings = {
				ALWAYS_EMBED_SWIFT_STANDARD_LIBRARIES = YES;
				BUNDLE_LOADER = "$(TEST_HOST)";
				CODE_SIGN_STYLE = Automatic;
				DEVELOPMENT_TEAM = 6H4F3Q73UT;
				INFOPLIST_FILE = calculator2Tests/Info.plist;
				IPHONEOS_DEPLOYMENT_TARGET = 14.2;
				LD_RUNPATH_SEARCH_PATHS = (
					"$(inherited)",
					"@executable_path/Frameworks",
					"@loader_path/Frameworks",
				);
				PRODUCT_BUNDLE_IDENTIFIER = cs246.calculator2Tests;
				PRODUCT_NAME = "$(TARGET_NAME)";
				SWIFT_VERSION = 5.0;
				TARGETED_DEVICE_FAMILY = "1,2";
				TEST_HOST = "$(BUILT_PRODUCTS_DIR)/calculator2.app/calculator2";
			};
			name = Debug;
		};
		9309FF0F2573696300E721ED /* Release */ = {
			isa = XCBuildConfiguration;
			buildSettings = {
				ALWAYS_EMBED_SWIFT_STANDARD_LIBRARIES = YES;
				BUNDLE_LOADER = "$(TEST_HOST)";
				CODE_SIGN_STYLE = Automatic;
				DEVELOPMENT_TEAM = 6H4F3Q73UT;
				INFOPLIST_FILE = calculator2Tests/Info.plist;
				IPHONEOS_DEPLOYMENT_TARGET = 14.2;
				LD_RUNPATH_SEARCH_PATHS = (
					"$(inherited)",
					"@executable_path/Frameworks",
					"@loader_path/Frameworks",
				);
				PRODUCT_BUNDLE_IDENTIFIER = cs246.calculator2Tests;
				PRODUCT_NAME = "$(TARGET_NAME)";
				SWIFT_VERSION = 5.0;
				TARGETED_DEVICE_FAMILY = "1,2";
				TEST_HOST = "$(BUILT_PRODUCTS_DIR)/calculator2.app/calculator2";
			};
			name = Release;
		};
		9309FF112573696300E721ED /* Debug */ = {
			isa = XCBuildConfiguration;
			buildSettings = {
				ALWAYS_EMBED_SWIFT_STANDARD_LIBRARIES = YES;
				CODE_SIGN_STYLE = Automatic;
				DEVELOPMENT_TEAM = 6H4F3Q73UT;
				INFOPLIST_FILE = calculator2UITests/Info.plist;
				LD_RUNPATH_SEARCH_PATHS = (
					"$(inherited)",
					"@executable_path/Frameworks",
					"@loader_path/Frameworks",
				);
				PRODUCT_BUNDLE_IDENTIFIER = cs246.calculator2UITests;
				PRODUCT_NAME = "$(TARGET_NAME)";
				SWIFT_VERSION = 5.0;
				TARGETED_DEVICE_FAMILY = "1,2";
				TEST_TARGET_NAME = calculator2;
			};
			name = Debug;
		};
		9309FF122573696300E721ED /* Release */ = {
			isa = XCBuildConfiguration;
			buildSettings = {
				ALWAYS_EMBED_SWIFT_STANDARD_LIBRARIES = YES;
				CODE_SIGN_STYLE = Automatic;
				DEVELOPMENT_TEAM = 6H4F3Q73UT;
				INFOPLIST_FILE = calculator2UITests/Info.plist;
				LD_RUNPATH_SEARCH_PATHS = (
					"$(inherited)",
					"@executable_path/Frameworks",
					"@loader_path/Frameworks",
				);
				PRODUCT_BUNDLE_IDENTIFIER = cs246.calculator2UITests;
				PRODUCT_NAME = "$(TARGET_NAME)";
				SWIFT_VERSION = 5.0;
				TARGETED_DEVICE_FAMILY = "1,2";
				TEST_TARGET_NAME = calculator2;
			};
			name = Release;
		};
/* End XCBuildConfiguration section */

/* Begin XCConfigurationList section */
		9309FEDB2573696000E721ED /* Build configuration list for PBXProject "calculator2" */ = {
			isa = XCConfigurationList;
			buildConfigurations = (
				9309FF082573696300E721ED /* Debug */,
				9309FF092573696300E721ED /* Release */,
			);
			defaultConfigurationIsVisible = 0;
			defaultConfigurationName = Release;
		};
		9309FF0A2573696300E721ED /* Build configuration list for PBXNativeTarget "calculator2" */ = {
			isa = XCConfigurationList;
			buildConfigurations = (
				9309FF0B2573696300E721ED /* Debug */,
				9309FF0C2573696300E721ED /* Release */,
			);
			defaultConfigurationIsVisible = 0;
			defaultConfigurationName = Release;
		};
		9309FF0D2573696300E721ED /* Build configuration list for PBXNativeTarget "calculator2Tests" */ = {
			isa = XCConfigurationList;
			buildConfigurations = (
				9309FF0E2573696300E721ED /* Debug */,
				9309FF0F2573696300E721ED /* Release */,
			);
			defaultConfigurationIsVisible = 0;
			defaultConfigurationName = Release;
		};
		9309FF102573696300E721ED /* Build configuration list for PBXNativeTarget "calculator2UITests" */ = {
			isa = XCConfigurationList;
			buildConfigurations = (
				9309FF112573696300E721ED /* Debug */,
				9309FF122573696300E721ED /* Release */,
			);
			defaultConfigurationIsVisible = 0;
			defaultConfigurationName = Release;
		};
/* End XCConfigurationList section */
	};
	rootObject = 9309FED82573696000E721ED /* Project object */;
}
